
Microsoft Visual Studio Solution File, Format Version 12.00
# Visual Studio Version 16
VisualStudioVersion = 16.0.29709.97
MinimumVisualStudioVersion = 10.0.40219.1
Project("{FAE04EC0-301F-11D3-BF4B-00C04F79EFBC}") = "kitako1-7", "kitako1-7\kitako1-7.csproj", "{AD11D9CE-26C6-4C77-8B7B-AE2EC5FF45CC}"
EndProject
Global
	GlobalSection(SolutionConfigurationPlatforms) = preSolution
		Debug|Any CPU = Debug|Any CPU
		Release|Any CPU = Release|Any CPU
	EndGlobalSection
	GlobalSection(ProjectConfigurationPlatforms) = postSolution
		{AD11D9CE-26C6-4C77-8B7B-AE2EC5FF45CC}.Debug|Any CPU.ActiveCfg = Debug|Any CPU
		{AD11D9CE-26C6-4C77-8B7B-AE2EC5FF45CC}.Debug|Any CPU.Build.0 = Debug|Any CPU
		{AD11D9CE-26C6-4C77-8B7B-AE2EC5FF45CC}.Release|Any CPU.ActiveCfg = Release|Any CPU
		{AD11D9CE-26C6-4C77-8B7B-AE2EC5FF45CC}.Release|Any CPU.Build.0 = Release|Any CPU
	EndGlobalSection
	GlobalSection(SolutionProperties) = preSolution
		HideSolutionNode = FALSE
	EndGlobalSection
	GlobalSection(ExtensibilityGlobals) = postSolution
		SolutionGuid = {CCC47B12-CD93-4D99-93EA-DD389EB7984B}
	EndGlobalSection
EndGlobal
