
Microsoft Visual Studio Solution File, Format Version 12.00
# Visual Studio Version 16
VisualStudioVersion = 16.0.29709.97
MinimumVisualStudioVersion = 10.0.40219.1
Project("{FAE04EC0-301F-11D3-BF4B-00C04F79EFBC}") = "kitako8-3", "kitako8-3\kitako8-3.csproj", "{8413A681-0725-414A-9450-D618DE4AFE47}"
EndProject
Global
	GlobalSection(SolutionConfigurationPlatforms) = preSolution
		Debug|Any CPU = Debug|Any CPU
		Release|Any CPU = Release|Any CPU
	EndGlobalSection
	GlobalSection(ProjectConfigurationPlatforms) = postSolution
		{8413A681-0725-414A-9450-D618DE4AFE47}.Debug|Any CPU.ActiveCfg = Debug|Any CPU
		{8413A681-0725-414A-9450-D618DE4AFE47}.Debug|Any CPU.Build.0 = Debug|Any CPU
		{8413A681-0725-414A-9450-D618DE4AFE47}.Release|Any CPU.ActiveCfg = Release|Any CPU
		{8413A681-0725-414A-9450-D618DE4AFE47}.Release|Any CPU.Build.0 = Release|Any CPU
	EndGlobalSection
	GlobalSection(SolutionProperties) = preSolution
		HideSolutionNode = FALSE
	EndGlobalSection
	GlobalSection(ExtensibilityGlobals) = postSolution
		SolutionGuid = {2E3F7525-9291-4B16-9C2D-C745CC470504}
	EndGlobalSection
EndGlobal
