
Microsoft Visual Studio Solution File, Format Version 12.00
# Visual Studio Version 16
VisualStudioVersion = 16.0.29709.97
MinimumVisualStudioVersion = 10.0.40219.1
Project("{FAE04EC0-301F-11D3-BF4B-00C04F79EFBC}") = "kitako6-6", "kitako6-6\kitako6-6.csproj", "{33775501-9D05-4E51-9228-ED3D6BDD6859}"
EndProject
Global
	GlobalSection(SolutionConfigurationPlatforms) = preSolution
		Debug|Any CPU = Debug|Any CPU
		Release|Any CPU = Release|Any CPU
	EndGlobalSection
	GlobalSection(ProjectConfigurationPlatforms) = postSolution
		{33775501-9D05-4E51-9228-ED3D6BDD6859}.Debug|Any CPU.ActiveCfg = Debug|Any CPU
		{33775501-9D05-4E51-9228-ED3D6BDD6859}.Debug|Any CPU.Build.0 = Debug|Any CPU
		{33775501-9D05-4E51-9228-ED3D6BDD6859}.Release|Any CPU.ActiveCfg = Release|Any CPU
		{33775501-9D05-4E51-9228-ED3D6BDD6859}.Release|Any CPU.Build.0 = Release|Any CPU
	EndGlobalSection
	GlobalSection(SolutionProperties) = preSolution
		HideSolutionNode = FALSE
	EndGlobalSection
	GlobalSection(ExtensibilityGlobals) = postSolution
		SolutionGuid = {99F56F0E-5FA2-41BF-BEF9-E70838C9B37C}
	EndGlobalSection
EndGlobal
