
Microsoft Visual Studio Solution File, Format Version 12.00
# Visual Studio Version 16
VisualStudioVersion = 16.0.29709.97
MinimumVisualStudioVersion = 10.0.40219.1
Project("{FAE04EC0-301F-11D3-BF4B-00C04F79EFBC}") = "Sample102", "Sample102\Sample102.csproj", "{936982AB-FF07-4204-AFF5-06E9B936C162}"
EndProject
Global
	GlobalSection(SolutionConfigurationPlatforms) = preSolution
		Debug|Any CPU = Debug|Any CPU
		Release|Any CPU = Release|Any CPU
	EndGlobalSection
	GlobalSection(ProjectConfigurationPlatforms) = postSolution
		{936982AB-FF07-4204-AFF5-06E9B936C162}.Debug|Any CPU.ActiveCfg = Debug|Any CPU
		{936982AB-FF07-4204-AFF5-06E9B936C162}.Debug|Any CPU.Build.0 = Debug|Any CPU
		{936982AB-FF07-4204-AFF5-06E9B936C162}.Release|Any CPU.ActiveCfg = Release|Any CPU
		{936982AB-FF07-4204-AFF5-06E9B936C162}.Release|Any CPU.Build.0 = Release|Any CPU
	EndGlobalSection
	GlobalSection(SolutionProperties) = preSolution
		HideSolutionNode = FALSE
	EndGlobalSection
	GlobalSection(ExtensibilityGlobals) = postSolution
		SolutionGuid = {8AA2A653-37A5-431A-A891-1C25DA30A194}
	EndGlobalSection
EndGlobal
