
Microsoft Visual Studio Solution File, Format Version 12.00
# Visual Studio Version 16
VisualStudioVersion = 16.0.29709.97
MinimumVisualStudioVersion = 10.0.40219.1
Project("{FAE04EC0-301F-11D3-BF4B-00C04F79EFBC}") = "kitako6-4", "kitako6-4\kitako6-4.csproj", "{5FE24C03-32CD-403C-A08B-606917C87910}"
EndProject
Global
	GlobalSection(SolutionConfigurationPlatforms) = preSolution
		Debug|Any CPU = Debug|Any CPU
		Release|Any CPU = Release|Any CPU
	EndGlobalSection
	GlobalSection(ProjectConfigurationPlatforms) = postSolution
		{5FE24C03-32CD-403C-A08B-606917C87910}.Debug|Any CPU.ActiveCfg = Debug|Any CPU
		{5FE24C03-32CD-403C-A08B-606917C87910}.Debug|Any CPU.Build.0 = Debug|Any CPU
		{5FE24C03-32CD-403C-A08B-606917C87910}.Release|Any CPU.ActiveCfg = Release|Any CPU
		{5FE24C03-32CD-403C-A08B-606917C87910}.Release|Any CPU.Build.0 = Release|Any CPU
	EndGlobalSection
	GlobalSection(SolutionProperties) = preSolution
		HideSolutionNode = FALSE
	EndGlobalSection
	GlobalSection(ExtensibilityGlobals) = postSolution
		SolutionGuid = {ABCD463C-07BA-428A-A44E-E2453E4A8748}
	EndGlobalSection
EndGlobal
