
Microsoft Visual Studio Solution File, Format Version 12.00
# Visual Studio Version 16
VisualStudioVersion = 16.0.29709.97
MinimumVisualStudioVersion = 10.0.40219.1
Project("{FAE04EC0-301F-11D3-BF4B-00C04F79EFBC}") = "sample11", "sample11\sample11.csproj", "{B520BFB9-B98D-4BA3-91E2-2C2D1EF50F47}"
EndProject
Global
	GlobalSection(SolutionConfigurationPlatforms) = preSolution
		Debug|Any CPU = Debug|Any CPU
		Release|Any CPU = Release|Any CPU
	EndGlobalSection
	GlobalSection(ProjectConfigurationPlatforms) = postSolution
		{B520BFB9-B98D-4BA3-91E2-2C2D1EF50F47}.Debug|Any CPU.ActiveCfg = Debug|Any CPU
		{B520BFB9-B98D-4BA3-91E2-2C2D1EF50F47}.Debug|Any CPU.Build.0 = Debug|Any CPU
		{B520BFB9-B98D-4BA3-91E2-2C2D1EF50F47}.Release|Any CPU.ActiveCfg = Release|Any CPU
		{B520BFB9-B98D-4BA3-91E2-2C2D1EF50F47}.Release|Any CPU.Build.0 = Release|Any CPU
	EndGlobalSection
	GlobalSection(SolutionProperties) = preSolution
		HideSolutionNode = FALSE
	EndGlobalSection
	GlobalSection(ExtensibilityGlobals) = postSolution
		SolutionGuid = {05B666D4-B087-4C96-83FE-C8032ED05783}
	EndGlobalSection
EndGlobal
