
Microsoft Visual Studio Solution File, Format Version 12.00
# Visual Studio Version 16
VisualStudioVersion = 16.0.29709.97
MinimumVisualStudioVersion = 10.0.40219.1
Project("{FAE04EC0-301F-11D3-BF4B-00C04F79EFBC}") = "kitako1-6", "kitako1-6\kitako1-6.csproj", "{F9DF97F2-3720-40C2-9DAC-8A03E6C954D4}"
EndProject
Global
	GlobalSection(SolutionConfigurationPlatforms) = preSolution
		Debug|Any CPU = Debug|Any CPU
		Release|Any CPU = Release|Any CPU
	EndGlobalSection
	GlobalSection(ProjectConfigurationPlatforms) = postSolution
		{F9DF97F2-3720-40C2-9DAC-8A03E6C954D4}.Debug|Any CPU.ActiveCfg = Debug|Any CPU
		{F9DF97F2-3720-40C2-9DAC-8A03E6C954D4}.Debug|Any CPU.Build.0 = Debug|Any CPU
		{F9DF97F2-3720-40C2-9DAC-8A03E6C954D4}.Release|Any CPU.ActiveCfg = Release|Any CPU
		{F9DF97F2-3720-40C2-9DAC-8A03E6C954D4}.Release|Any CPU.Build.0 = Release|Any CPU
	EndGlobalSection
	GlobalSection(SolutionProperties) = preSolution
		HideSolutionNode = FALSE
	EndGlobalSection
	GlobalSection(ExtensibilityGlobals) = postSolution
		SolutionGuid = {8DBD5CC5-19BA-4544-AE82-35533ED940CC}
	EndGlobalSection
EndGlobal
