
Microsoft Visual Studio Solution File, Format Version 12.00
# Visual Studio Version 16
VisualStudioVersion = 16.0.29709.97
MinimumVisualStudioVersion = 10.0.40219.1
Project("{FAE04EC0-301F-11D3-BF4B-00C04F79EFBC}") = "kitako4-22", "kitako4-22\kitako4-22.csproj", "{2D4CCD1A-B1EF-4F8E-B570-AF59C4F501FE}"
EndProject
Global
	GlobalSection(SolutionConfigurationPlatforms) = preSolution
		Debug|Any CPU = Debug|Any CPU
		Release|Any CPU = Release|Any CPU
	EndGlobalSection
	GlobalSection(ProjectConfigurationPlatforms) = postSolution
		{2D4CCD1A-B1EF-4F8E-B570-AF59C4F501FE}.Debug|Any CPU.ActiveCfg = Debug|Any CPU
		{2D4CCD1A-B1EF-4F8E-B570-AF59C4F501FE}.Debug|Any CPU.Build.0 = Debug|Any CPU
		{2D4CCD1A-B1EF-4F8E-B570-AF59C4F501FE}.Release|Any CPU.ActiveCfg = Release|Any CPU
		{2D4CCD1A-B1EF-4F8E-B570-AF59C4F501FE}.Release|Any CPU.Build.0 = Release|Any CPU
	EndGlobalSection
	GlobalSection(SolutionProperties) = preSolution
		HideSolutionNode = FALSE
	EndGlobalSection
	GlobalSection(ExtensibilityGlobals) = postSolution
		SolutionGuid = {AB0D7DFA-48DF-4B80-99BE-BD09E84EC5C3}
	EndGlobalSection
EndGlobal
