
Microsoft Visual Studio Solution File, Format Version 12.00
# Visual Studio Version 16
VisualStudioVersion = 16.0.29709.97
MinimumVisualStudioVersion = 10.0.40219.1
Project("{FAE04EC0-301F-11D3-BF4B-00C04F79EFBC}") = "kitako3-4", "kitako3-4\kitako3-4.csproj", "{C19489E8-2C10-4B0D-AADB-89219E9C40B1}"
EndProject
Global
	GlobalSection(SolutionConfigurationPlatforms) = preSolution
		Debug|Any CPU = Debug|Any CPU
		Release|Any CPU = Release|Any CPU
	EndGlobalSection
	GlobalSection(ProjectConfigurationPlatforms) = postSolution
		{C19489E8-2C10-4B0D-AADB-89219E9C40B1}.Debug|Any CPU.ActiveCfg = Debug|Any CPU
		{C19489E8-2C10-4B0D-AADB-89219E9C40B1}.Debug|Any CPU.Build.0 = Debug|Any CPU
		{C19489E8-2C10-4B0D-AADB-89219E9C40B1}.Release|Any CPU.ActiveCfg = Release|Any CPU
		{C19489E8-2C10-4B0D-AADB-89219E9C40B1}.Release|Any CPU.Build.0 = Release|Any CPU
	EndGlobalSection
	GlobalSection(SolutionProperties) = preSolution
		HideSolutionNode = FALSE
	EndGlobalSection
	GlobalSection(ExtensibilityGlobals) = postSolution
		SolutionGuid = {1DDD17B5-6A80-49DD-8BA6-0ED2AE9D1891}
	EndGlobalSection
EndGlobal
