
Microsoft Visual Studio Solution File, Format Version 12.00
# Visual Studio Version 16
VisualStudioVersion = 16.0.29709.97
MinimumVisualStudioVersion = 10.0.40219.1
Project("{FAE04EC0-301F-11D3-BF4B-00C04F79EFBC}") = "kitako4-17", "kitako4-17\kitako4-17.csproj", "{AE343201-8C26-41FB-A7F9-4E2E795874D6}"
EndProject
Global
	GlobalSection(SolutionConfigurationPlatforms) = preSolution
		Debug|Any CPU = Debug|Any CPU
		Release|Any CPU = Release|Any CPU
	EndGlobalSection
	GlobalSection(ProjectConfigurationPlatforms) = postSolution
		{AE343201-8C26-41FB-A7F9-4E2E795874D6}.Debug|Any CPU.ActiveCfg = Debug|Any CPU
		{AE343201-8C26-41FB-A7F9-4E2E795874D6}.Debug|Any CPU.Build.0 = Debug|Any CPU
		{AE343201-8C26-41FB-A7F9-4E2E795874D6}.Release|Any CPU.ActiveCfg = Release|Any CPU
		{AE343201-8C26-41FB-A7F9-4E2E795874D6}.Release|Any CPU.Build.0 = Release|Any CPU
	EndGlobalSection
	GlobalSection(SolutionProperties) = preSolution
		HideSolutionNode = FALSE
	EndGlobalSection
	GlobalSection(ExtensibilityGlobals) = postSolution
		SolutionGuid = {DBB9094C-AB7E-4FE7-AB60-C7BECD7D68A9}
	EndGlobalSection
EndGlobal
