
Microsoft Visual Studio Solution File, Format Version 12.00
# Visual Studio Version 16
VisualStudioVersion = 16.0.29709.97
MinimumVisualStudioVersion = 10.0.40219.1
Project("{FAE04EC0-301F-11D3-BF4B-00C04F79EFBC}") = "kitako3-9", "kitako3-9\kitako3-9.csproj", "{2E183C3D-A4C0-4A18-AF93-5F1D4D9C6A9B}"
EndProject
Global
	GlobalSection(SolutionConfigurationPlatforms) = preSolution
		Debug|Any CPU = Debug|Any CPU
		Release|Any CPU = Release|Any CPU
	EndGlobalSection
	GlobalSection(ProjectConfigurationPlatforms) = postSolution
		{2E183C3D-A4C0-4A18-AF93-5F1D4D9C6A9B}.Debug|Any CPU.ActiveCfg = Debug|Any CPU
		{2E183C3D-A4C0-4A18-AF93-5F1D4D9C6A9B}.Debug|Any CPU.Build.0 = Debug|Any CPU
		{2E183C3D-A4C0-4A18-AF93-5F1D4D9C6A9B}.Release|Any CPU.ActiveCfg = Release|Any CPU
		{2E183C3D-A4C0-4A18-AF93-5F1D4D9C6A9B}.Release|Any CPU.Build.0 = Release|Any CPU
	EndGlobalSection
	GlobalSection(SolutionProperties) = preSolution
		HideSolutionNode = FALSE
	EndGlobalSection
	GlobalSection(ExtensibilityGlobals) = postSolution
		SolutionGuid = {E4B99A69-7F70-4776-9AF9-776FD4BB951A}
	EndGlobalSection
EndGlobal
