
Microsoft Visual Studio Solution File, Format Version 12.00
# Visual Studio Version 16
VisualStudioVersion = 16.0.29709.97
MinimumVisualStudioVersion = 10.0.40219.1
Project("{FAE04EC0-301F-11D3-BF4B-00C04F79EFBC}") = "kitako3-10", "kitako3-10\kitako3-10.csproj", "{1816E019-201E-42BB-9E6E-5D7C392A397D}"
EndProject
Global
	GlobalSection(SolutionConfigurationPlatforms) = preSolution
		Debug|Any CPU = Debug|Any CPU
		Release|Any CPU = Release|Any CPU
	EndGlobalSection
	GlobalSection(ProjectConfigurationPlatforms) = postSolution
		{1816E019-201E-42BB-9E6E-5D7C392A397D}.Debug|Any CPU.ActiveCfg = Debug|Any CPU
		{1816E019-201E-42BB-9E6E-5D7C392A397D}.Debug|Any CPU.Build.0 = Debug|Any CPU
		{1816E019-201E-42BB-9E6E-5D7C392A397D}.Release|Any CPU.ActiveCfg = Release|Any CPU
		{1816E019-201E-42BB-9E6E-5D7C392A397D}.Release|Any CPU.Build.0 = Release|Any CPU
	EndGlobalSection
	GlobalSection(SolutionProperties) = preSolution
		HideSolutionNode = FALSE
	EndGlobalSection
	GlobalSection(ExtensibilityGlobals) = postSolution
		SolutionGuid = {0542DAFA-D6BD-4214-8136-3BFA807B7239}
	EndGlobalSection
EndGlobal
